
Microsoft Visual Studio Solution File, Format Version 12.00
# Visual Studio Version 17
VisualStudioVersion = 17.1.32328.378
MinimumVisualStudioVersion = 10.0.40219.1
Project("{9A19103F-16F7-4668-BE54-9A1E7A4F7556}") = "EmployeeManager.MVC", "EmployeeManager\EmployeeManager.MVC.csproj", "{5168ACC6-61C3-4256-AB78-901C5F193392}"
EndProject
Project("{FAE04EC0-301F-11D3-BF4B-00C04F79EFBC}") = "EmployeeManager.RazorPages", "EmployeeManager.RazorPages\EmployeeManager.RazorPages.csproj", "{7CCAFDB2-7870-4ADA-B9D3-84FE09EDA818}"
EndProject
Global
	GlobalSection(SolutionConfigurationPlatforms) = preSolution
		Debug|Any CPU = Debug|Any CPU
		Release|Any CPU = Release|Any CPU
	EndGlobalSection
	GlobalSection(ProjectConfigurationPlatforms) = postSolution
		{5168ACC6-61C3-4256-AB78-901C5F193392}.Debug|Any CPU.ActiveCfg = Debug|Any CPU
		{5168ACC6-61C3-4256-AB78-901C5F193392}.Debug|Any CPU.Build.0 = Debug|Any CPU
		{5168ACC6-61C3-4256-AB78-901C5F193392}.Release|Any CPU.ActiveCfg = Release|Any CPU
		{5168ACC6-61C3-4256-AB78-901C5F193392}.Release|Any CPU.Build.0 = Release|Any CPU
		{7CCAFDB2-7870-4ADA-B9D3-84FE09EDA818}.Debug|Any CPU.ActiveCfg = Debug|Any CPU
		{7CCAFDB2-7870-4ADA-B9D3-84FE09EDA818}.Debug|Any CPU.Build.0 = Debug|Any CPU
		{7CCAFDB2-7870-4ADA-B9D3-84FE09EDA818}.Release|Any CPU.ActiveCfg = Release|Any CPU
		{7CCAFDB2-7870-4ADA-B9D3-84FE09EDA818}.Release|Any CPU.Build.0 = Release|Any CPU
	EndGlobalSection
	GlobalSection(SolutionProperties) = preSolution
		HideSolutionNode = FALSE
	EndGlobalSection
	GlobalSection(ExtensibilityGlobals) = postSolution
		SolutionGuid = {86A6EBF6-638D-4D38-A4D1-572FA9D0C4C6}
	EndGlobalSection
EndGlobal
